{
  "requires": true,
  "lockfileVersion": 1,
  "dependencies": {
    "@iconify/react": {
      "version": "3.0.1",
      "resolved": "https://registry.npmjs.org/@iconify/react/-/react-3.0.1.tgz",
      "integrity": "sha512-yUskSSR80JzRSWcqNsBAG9AN802XzZgHsex8mTOkMLYcPQC3fk1XwK17ulnY5vf692OafhGCAMccR8TWKFaGdw=="
    }
  }
}
